
Microsoft Visual Studio Solution File, Format Version 12.00
# Visual Studio 15
VisualStudioVersion = 15.0.26014.0
MinimumVisualStudioVersion = 10.0.40219.1
Project("{2150E333-8FDC-42A3-9474-1A3956D46DE8}") = "src", "src", "{0F46429A-DFB4-421C-99F7-6DE0D845CFE0}"
EndProject
Project("{FAE04EC0-301F-11D3-BF4B-00C04F79EFBC}") = "Tauchbolde.Web", "src\Tauchbolde.Web\Tauchbolde.Web.csproj", "{686744BA-4AC7-4863-8023-B34A173572B1}"
EndProject
Project("{2150E333-8FDC-42A3-9474-1A3956D46DE8}") = "Solution Items", "Solution Items", "{EFFD074A-12EF-46A7-8149-DED057C6CEC9}"
	ProjectSection(SolutionItems) = preProject
		docker-compose.ci.build.yml = docker-compose.ci.build.yml
	EndProjectSection
EndProject
Project("{FAE04EC0-301F-11D3-BF4B-00C04F79EFBC}") = "Tauchbolde.Common", "src\Tauchbolde.Common\Tauchbolde.Common.csproj", "{43B7956B-644C-49A3-AA44-E3498AD15A5E}"
EndProject
Project("{FAE04EC0-301F-11D3-BF4B-00C04F79EFBC}") = "Tauchbolde.DataAccess", "src\Tauchbolde.DataAccess\Tauchbolde.DataAccess.csproj", "{DE11C9FE-4603-42ED-84ED-64EADB8991D0}"
EndProject
Project("{FAE04EC0-301F-11D3-BF4B-00C04F79EFBC}") = "Tauchbolde.DataAccess.Migrator", "src\Tauchbolde.DataAccess.Migrator\Tauchbolde.DataAccess.Migrator.csproj", "{6479D2D5-873A-4CDE-8789-D12458A132FF}"
EndProject
Global
	GlobalSection(SolutionConfigurationPlatforms) = preSolution
		Debug|Any CPU = Debug|Any CPU
		Debug|x64 = Debug|x64
		Debug|x86 = Debug|x86
		Release|Any CPU = Release|Any CPU
		Release|x64 = Release|x64
		Release|x86 = Release|x86
	EndGlobalSection
	GlobalSection(ProjectConfigurationPlatforms) = postSolution
		{686744BA-4AC7-4863-8023-B34A173572B1}.Debug|Any CPU.ActiveCfg = Debug|Any CPU
		{686744BA-4AC7-4863-8023-B34A173572B1}.Debug|Any CPU.Build.0 = Debug|Any CPU
		{686744BA-4AC7-4863-8023-B34A173572B1}.Debug|x64.ActiveCfg = Debug|x64
		{686744BA-4AC7-4863-8023-B34A173572B1}.Debug|x64.Build.0 = Debug|x64
		{686744BA-4AC7-4863-8023-B34A173572B1}.Debug|x86.ActiveCfg = Debug|x86
		{686744BA-4AC7-4863-8023-B34A173572B1}.Debug|x86.Build.0 = Debug|x86
		{686744BA-4AC7-4863-8023-B34A173572B1}.Release|Any CPU.ActiveCfg = Release|Any CPU
		{686744BA-4AC7-4863-8023-B34A173572B1}.Release|Any CPU.Build.0 = Release|Any CPU
		{686744BA-4AC7-4863-8023-B34A173572B1}.Release|x64.ActiveCfg = Release|x64
		{686744BA-4AC7-4863-8023-B34A173572B1}.Release|x64.Build.0 = Release|x64
		{686744BA-4AC7-4863-8023-B34A173572B1}.Release|x86.ActiveCfg = Release|x86
		{686744BA-4AC7-4863-8023-B34A173572B1}.Release|x86.Build.0 = Release|x86
		{43B7956B-644C-49A3-AA44-E3498AD15A5E}.Debug|Any CPU.ActiveCfg = Debug|Any CPU
		{43B7956B-644C-49A3-AA44-E3498AD15A5E}.Debug|Any CPU.Build.0 = Debug|Any CPU
		{43B7956B-644C-49A3-AA44-E3498AD15A5E}.Debug|x64.ActiveCfg = Debug|x64
		{43B7956B-644C-49A3-AA44-E3498AD15A5E}.Debug|x64.Build.0 = Debug|x64
		{43B7956B-644C-49A3-AA44-E3498AD15A5E}.Debug|x86.ActiveCfg = Debug|x86
		{43B7956B-644C-49A3-AA44-E3498AD15A5E}.Debug|x86.Build.0 = Debug|x86
		{43B7956B-644C-49A3-AA44-E3498AD15A5E}.Release|Any CPU.ActiveCfg = Release|Any CPU
		{43B7956B-644C-49A3-AA44-E3498AD15A5E}.Release|Any CPU.Build.0 = Release|Any CPU
		{43B7956B-644C-49A3-AA44-E3498AD15A5E}.Release|x64.ActiveCfg = Release|x64
		{43B7956B-644C-49A3-AA44-E3498AD15A5E}.Release|x64.Build.0 = Release|x64
		{43B7956B-644C-49A3-AA44-E3498AD15A5E}.Release|x86.ActiveCfg = Release|x86
		{43B7956B-644C-49A3-AA44-E3498AD15A5E}.Release|x86.Build.0 = Release|x86
		{DE11C9FE-4603-42ED-84ED-64EADB8991D0}.Debug|Any CPU.ActiveCfg = Debug|Any CPU
		{DE11C9FE-4603-42ED-84ED-64EADB8991D0}.Debug|Any CPU.Build.0 = Debug|Any CPU
		{DE11C9FE-4603-42ED-84ED-64EADB8991D0}.Debug|x64.ActiveCfg = Debug|x64
		{DE11C9FE-4603-42ED-84ED-64EADB8991D0}.Debug|x64.Build.0 = Debug|x64
		{DE11C9FE-4603-42ED-84ED-64EADB8991D0}.Debug|x86.ActiveCfg = Debug|x86
		{DE11C9FE-4603-42ED-84ED-64EADB8991D0}.Debug|x86.Build.0 = Debug|x86
		{DE11C9FE-4603-42ED-84ED-64EADB8991D0}.Release|Any CPU.ActiveCfg = Release|Any CPU
		{DE11C9FE-4603-42ED-84ED-64EADB8991D0}.Release|Any CPU.Build.0 = Release|Any CPU
		{DE11C9FE-4603-42ED-84ED-64EADB8991D0}.Release|x64.ActiveCfg = Release|x64
		{DE11C9FE-4603-42ED-84ED-64EADB8991D0}.Release|x64.Build.0 = Release|x64
		{DE11C9FE-4603-42ED-84ED-64EADB8991D0}.Release|x86.ActiveCfg = Release|x86
		{DE11C9FE-4603-42ED-84ED-64EADB8991D0}.Release|x86.Build.0 = Release|x86
		{6479D2D5-873A-4CDE-8789-D12458A132FF}.Debug|Any CPU.ActiveCfg = Debug|Any CPU
		{6479D2D5-873A-4CDE-8789-D12458A132FF}.Debug|Any CPU.Build.0 = Debug|Any CPU
		{6479D2D5-873A-4CDE-8789-D12458A132FF}.Debug|x64.ActiveCfg = Debug|x64
		{6479D2D5-873A-4CDE-8789-D12458A132FF}.Debug|x64.Build.0 = Debug|x64
		{6479D2D5-873A-4CDE-8789-D12458A132FF}.Debug|x86.ActiveCfg = Debug|x86
		{6479D2D5-873A-4CDE-8789-D12458A132FF}.Debug|x86.Build.0 = Debug|x86
		{6479D2D5-873A-4CDE-8789-D12458A132FF}.Release|Any CPU.ActiveCfg = Release|Any CPU
		{6479D2D5-873A-4CDE-8789-D12458A132FF}.Release|Any CPU.Build.0 = Release|Any CPU
		{6479D2D5-873A-4CDE-8789-D12458A132FF}.Release|x64.ActiveCfg = Release|x64
		{6479D2D5-873A-4CDE-8789-D12458A132FF}.Release|x64.Build.0 = Release|x64
		{6479D2D5-873A-4CDE-8789-D12458A132FF}.Release|x86.ActiveCfg = Release|x86
		{6479D2D5-873A-4CDE-8789-D12458A132FF}.Release|x86.Build.0 = Release|x86
	EndGlobalSection
	GlobalSection(SolutionProperties) = preSolution
		HideSolutionNode = FALSE
	EndGlobalSection
	GlobalSection(NestedProjects) = preSolution
		{686744BA-4AC7-4863-8023-B34A173572B1} = {0F46429A-DFB4-421C-99F7-6DE0D845CFE0}
		{43B7956B-644C-49A3-AA44-E3498AD15A5E} = {0F46429A-DFB4-421C-99F7-6DE0D845CFE0}
		{DE11C9FE-4603-42ED-84ED-64EADB8991D0} = {0F46429A-DFB4-421C-99F7-6DE0D845CFE0}
		{6479D2D5-873A-4CDE-8789-D12458A132FF} = {0F46429A-DFB4-421C-99F7-6DE0D845CFE0}
	EndGlobalSection
EndGlobal
