
Microsoft Visual Studio Solution File, Format Version 12.00
# Visual Studio 15
VisualStudioVersion = 15.0.26127.3
MinimumVisualStudioVersion = 10.0.40219.1
Project("{2150E333-8FDC-42A3-9474-1A3956D46DE8}") = "src", "src", "{0F46429A-DFB4-421C-99F7-6DE0D845CFE0}"
EndProject
Project("{2150E333-8FDC-42A3-9474-1A3956D46DE8}") = "Solution Items", "Solution Items", "{EFFD074A-12EF-46A7-8149-DED057C6CEC9}"
	ProjectSection(SolutionItems) = preProject
		docker-compose.ci.build.yml = docker-compose.ci.build.yml
	EndProjectSection
EndProject
Project("{FAE04EC0-301F-11D3-BF4B-00C04F79EFBC}") = "Tauchbolde.Common", "src\Tauchbolde.Common\Tauchbolde.Common.csproj", "{43B7956B-644C-49A3-AA44-E3498AD15A5E}"
EndProject
Project("{FAE04EC0-301F-11D3-BF4B-00C04F79EFBC}") = "Tauchbolde.Web", "src\Tauchbolde.Web\Tauchbolde.Web.csproj", "{A34F43AA-47D4-4A9D-8AD2-620458E5BC4A}"
EndProject
Global
	GlobalSection(SolutionConfigurationPlatforms) = preSolution
		Debug|Any CPU = Debug|Any CPU
		Debug|x64 = Debug|x64
		Debug|x86 = Debug|x86
		Release|Any CPU = Release|Any CPU
		Release|x64 = Release|x64
		Release|x86 = Release|x86
	EndGlobalSection
	GlobalSection(ProjectConfigurationPlatforms) = postSolution
		{43B7956B-644C-49A3-AA44-E3498AD15A5E}.Debug|Any CPU.ActiveCfg = Debug|Any CPU
		{43B7956B-644C-49A3-AA44-E3498AD15A5E}.Debug|Any CPU.Build.0 = Debug|Any CPU
		{43B7956B-644C-49A3-AA44-E3498AD15A5E}.Debug|x64.ActiveCfg = Debug|x64
		{43B7956B-644C-49A3-AA44-E3498AD15A5E}.Debug|x64.Build.0 = Debug|x64
		{43B7956B-644C-49A3-AA44-E3498AD15A5E}.Debug|x86.ActiveCfg = Debug|x86
		{43B7956B-644C-49A3-AA44-E3498AD15A5E}.Debug|x86.Build.0 = Debug|x86
		{43B7956B-644C-49A3-AA44-E3498AD15A5E}.Release|Any CPU.ActiveCfg = Release|Any CPU
		{43B7956B-644C-49A3-AA44-E3498AD15A5E}.Release|Any CPU.Build.0 = Release|Any CPU
		{43B7956B-644C-49A3-AA44-E3498AD15A5E}.Release|x64.ActiveCfg = Release|x64
		{43B7956B-644C-49A3-AA44-E3498AD15A5E}.Release|x64.Build.0 = Release|x64
		{43B7956B-644C-49A3-AA44-E3498AD15A5E}.Release|x86.ActiveCfg = Release|x86
		{43B7956B-644C-49A3-AA44-E3498AD15A5E}.Release|x86.Build.0 = Release|x86
		{A34F43AA-47D4-4A9D-8AD2-620458E5BC4A}.Debug|Any CPU.ActiveCfg = Debug|Any CPU
		{A34F43AA-47D4-4A9D-8AD2-620458E5BC4A}.Debug|Any CPU.Build.0 = Debug|Any CPU
		{A34F43AA-47D4-4A9D-8AD2-620458E5BC4A}.Debug|x64.ActiveCfg = Debug|x64
		{A34F43AA-47D4-4A9D-8AD2-620458E5BC4A}.Debug|x64.Build.0 = Debug|x64
		{A34F43AA-47D4-4A9D-8AD2-620458E5BC4A}.Debug|x86.ActiveCfg = Debug|x86
		{A34F43AA-47D4-4A9D-8AD2-620458E5BC4A}.Debug|x86.Build.0 = Debug|x86
		{A34F43AA-47D4-4A9D-8AD2-620458E5BC4A}.Release|Any CPU.ActiveCfg = Release|Any CPU
		{A34F43AA-47D4-4A9D-8AD2-620458E5BC4A}.Release|Any CPU.Build.0 = Release|Any CPU
		{A34F43AA-47D4-4A9D-8AD2-620458E5BC4A}.Release|x64.ActiveCfg = Release|x64
		{A34F43AA-47D4-4A9D-8AD2-620458E5BC4A}.Release|x64.Build.0 = Release|x64
		{A34F43AA-47D4-4A9D-8AD2-620458E5BC4A}.Release|x86.ActiveCfg = Release|x86
		{A34F43AA-47D4-4A9D-8AD2-620458E5BC4A}.Release|x86.Build.0 = Release|x86
	EndGlobalSection
	GlobalSection(SolutionProperties) = preSolution
		HideSolutionNode = FALSE
	EndGlobalSection
	GlobalSection(NestedProjects) = preSolution
		{43B7956B-644C-49A3-AA44-E3498AD15A5E} = {0F46429A-DFB4-421C-99F7-6DE0D845CFE0}
		{A34F43AA-47D4-4A9D-8AD2-620458E5BC4A} = {0F46429A-DFB4-421C-99F7-6DE0D845CFE0}
	EndGlobalSection
EndGlobal
