
Microsoft Visual Studio Solution File, Format Version 12.00
# Visual Studio 15
VisualStudioVersion = 15.0.26403.3
MinimumVisualStudioVersion = 10.0.40219.1
Project("{FAE04EC0-301F-11D3-BF4B-00C04F79EFBC}") = "Tauchbolde.Common", "Tauchbolde.Common\Tauchbolde.Common.csproj", "{43B7956B-644C-49A3-AA44-E3498AD15A5E}"
EndProject
Project("{FAE04EC0-301F-11D3-BF4B-00C04F79EFBC}") = "Tauchbolde.Web", "Tauchbolde.Web\Tauchbolde.Web.csproj", "{B26B5EA0-30CF-4259-996A-2EDA74CB4BB7}"
EndProject
Project("{FAE04EC0-301F-11D3-BF4B-00C04F79EFBC}") = "Tauchbolde.Tests", "Tauchbolde.Tests\Tauchbolde.Tests.csproj", "{ACA74A03-4AFB-412B-B516-9129DCD6FA1E}"
EndProject
Global
	GlobalSection(SolutionConfigurationPlatforms) = preSolution
		Debug|Any CPU = Debug|Any CPU
		Debug|x64 = Debug|x64
		Debug|x86 = Debug|x86
		Release|Any CPU = Release|Any CPU
		Release|x64 = Release|x64
		Release|x86 = Release|x86
	EndGlobalSection
	GlobalSection(ProjectConfigurationPlatforms) = postSolution
		{43B7956B-644C-49A3-AA44-E3498AD15A5E}.Debug|Any CPU.ActiveCfg = Debug|Any CPU
		{43B7956B-644C-49A3-AA44-E3498AD15A5E}.Debug|Any CPU.Build.0 = Debug|Any CPU
		{43B7956B-644C-49A3-AA44-E3498AD15A5E}.Debug|x64.ActiveCfg = Debug|Any CPU
		{43B7956B-644C-49A3-AA44-E3498AD15A5E}.Debug|x64.Build.0 = Debug|Any CPU
		{43B7956B-644C-49A3-AA44-E3498AD15A5E}.Debug|x86.ActiveCfg = Debug|Any CPU
		{43B7956B-644C-49A3-AA44-E3498AD15A5E}.Debug|x86.Build.0 = Debug|Any CPU
		{43B7956B-644C-49A3-AA44-E3498AD15A5E}.Release|Any CPU.ActiveCfg = Release|Any CPU
		{43B7956B-644C-49A3-AA44-E3498AD15A5E}.Release|Any CPU.Build.0 = Release|Any CPU
		{43B7956B-644C-49A3-AA44-E3498AD15A5E}.Release|x64.ActiveCfg = Release|Any CPU
		{43B7956B-644C-49A3-AA44-E3498AD15A5E}.Release|x64.Build.0 = Release|Any CPU
		{43B7956B-644C-49A3-AA44-E3498AD15A5E}.Release|x86.ActiveCfg = Release|Any CPU
		{43B7956B-644C-49A3-AA44-E3498AD15A5E}.Release|x86.Build.0 = Release|Any CPU
		{B26B5EA0-30CF-4259-996A-2EDA74CB4BB7}.Debug|Any CPU.ActiveCfg = Debug|Any CPU
		{B26B5EA0-30CF-4259-996A-2EDA74CB4BB7}.Debug|Any CPU.Build.0 = Debug|Any CPU
		{B26B5EA0-30CF-4259-996A-2EDA74CB4BB7}.Debug|x64.ActiveCfg = Debug|Any CPU
		{B26B5EA0-30CF-4259-996A-2EDA74CB4BB7}.Debug|x64.Build.0 = Debug|Any CPU
		{B26B5EA0-30CF-4259-996A-2EDA74CB4BB7}.Debug|x86.ActiveCfg = Debug|Any CPU
		{B26B5EA0-30CF-4259-996A-2EDA74CB4BB7}.Debug|x86.Build.0 = Debug|Any CPU
		{B26B5EA0-30CF-4259-996A-2EDA74CB4BB7}.Release|Any CPU.ActiveCfg = Release|Any CPU
		{B26B5EA0-30CF-4259-996A-2EDA74CB4BB7}.Release|Any CPU.Build.0 = Release|Any CPU
		{B26B5EA0-30CF-4259-996A-2EDA74CB4BB7}.Release|x64.ActiveCfg = Release|Any CPU
		{B26B5EA0-30CF-4259-996A-2EDA74CB4BB7}.Release|x64.Build.0 = Release|Any CPU
		{B26B5EA0-30CF-4259-996A-2EDA74CB4BB7}.Release|x86.ActiveCfg = Release|Any CPU
		{B26B5EA0-30CF-4259-996A-2EDA74CB4BB7}.Release|x86.Build.0 = Release|Any CPU
		{ACA74A03-4AFB-412B-B516-9129DCD6FA1E}.Debug|Any CPU.ActiveCfg = Debug|Any CPU
		{ACA74A03-4AFB-412B-B516-9129DCD6FA1E}.Debug|Any CPU.Build.0 = Debug|Any CPU
		{ACA74A03-4AFB-412B-B516-9129DCD6FA1E}.Debug|x64.ActiveCfg = Debug|Any CPU
		{ACA74A03-4AFB-412B-B516-9129DCD6FA1E}.Debug|x64.Build.0 = Debug|Any CPU
		{ACA74A03-4AFB-412B-B516-9129DCD6FA1E}.Debug|x86.ActiveCfg = Debug|Any CPU
		{ACA74A03-4AFB-412B-B516-9129DCD6FA1E}.Debug|x86.Build.0 = Debug|Any CPU
		{ACA74A03-4AFB-412B-B516-9129DCD6FA1E}.Release|Any CPU.ActiveCfg = Release|Any CPU
		{ACA74A03-4AFB-412B-B516-9129DCD6FA1E}.Release|Any CPU.Build.0 = Release|Any CPU
		{ACA74A03-4AFB-412B-B516-9129DCD6FA1E}.Release|x64.ActiveCfg = Release|Any CPU
		{ACA74A03-4AFB-412B-B516-9129DCD6FA1E}.Release|x64.Build.0 = Release|Any CPU
		{ACA74A03-4AFB-412B-B516-9129DCD6FA1E}.Release|x86.ActiveCfg = Release|Any CPU
		{ACA74A03-4AFB-412B-B516-9129DCD6FA1E}.Release|x86.Build.0 = Release|Any CPU
	EndGlobalSection
	GlobalSection(SolutionProperties) = preSolution
		HideSolutionNode = FALSE
	EndGlobalSection
	GlobalSection(NestedProjects) = preSolution
		{43B7956B-644C-49A3-AA44-E3498AD15A5E} = {0F46429A-DFB4-421C-99F7-6DE0D845CFE0}
		{B26B5EA0-30CF-4259-996A-2EDA74CB4BB7} = {0F46429A-DFB4-421C-99F7-6DE0D845CFE0}
		{ACA74A03-4AFB-412B-B516-9129DCD6FA1E} = {0F46429A-DFB4-421C-99F7-6DE0D845CFE0}
	EndGlobalSection
	GlobalSection(MonoDevelopProperties) = preSolution
		Policies = $0
		$0.DotNetNamingPolicy = $1
		$1.DirectoryNamespaceAssociation = PrefixedHierarchical
		$0.TextStylePolicy = $2
		$2.inheritsSet = null
		$2.scope = text/x-csharp
		$0.CSharpFormattingPolicy = $3
		$3.scope = text/x-csharp
		$0.TextStylePolicy = $4
		$4.FileWidth = 80
		$4.TabsToSpaces = True
		$4.scope = text/plain
		$0.VersionControlPolicy = $5
		outputpath = ../build/bin
	EndGlobalSection
EndGlobal
