
Microsoft Visual Studio Solution File, Format Version 12.00
# Visual Studio 15
VisualStudioVersion = 15.0.26403.3
MinimumVisualStudioVersion = 10.0.40219.1
Project("{FAE04EC0-301F-11D3-BF4B-00C04F79EFBC}") = "Tauchbolde.Web", "Tauchbolde.Web\Tauchbolde.Web.csproj", "{B26B5EA0-30CF-4259-996A-2EDA74CB4BB7}"
EndProject
Project("{FAE04EC0-301F-11D3-BF4B-00C04F79EFBC}") = "Tauchbolde.Tests", "Tauchbolde.Tests\Tauchbolde.Tests.csproj", "{ACA74A03-4AFB-412B-B516-9129DCD6FA1E}"
EndProject
Project("{FAE04EC0-301F-11D3-BF4B-00C04F79EFBC}") = "Tauchbolde.Driver.DataAccessSql", "Tauchbolde.Driver.DataAccessSql\Tauchbolde.Driver.DataAccessSql.csproj", "{66BD6C46-28A9-47DD-ACEC-F4B78D24D812}"
EndProject
Project("{FAE04EC0-301F-11D3-BF4B-00C04F79EFBC}") = "Tauchbolde.Domain", "Tauchbolde.Domain\Tauchbolde.Domain.csproj", "{3ECCB5D8-B659-4F1A-9D2B-CDCB0BAAFE23}"
EndProject
Project("{FAE04EC0-301F-11D3-BF4B-00C04F79EFBC}") = "Tauchbolde.Application", "Tauchbolde.Application\Tauchbolde.Application.csproj", "{445EC923-60CB-43D9-B1ED-377DF5F1B104}"
EndProject
Project("{FAE04EC0-301F-11D3-BF4B-00C04F79EFBC}") = "Tauchbolde.Driver.PhotoStorage", "Tauchbolde.Driver.PhotoStorage\Tauchbolde.Driver.PhotoStorage.csproj", "{CC76C9F1-1429-46BC-AB0B-858178311C8E}"
EndProject
Project("{FAE04EC0-301F-11D3-BF4B-00C04F79EFBC}") = "Tauchbolde.Driver.ApplicationInsights", "Tauchbolde.Driver.ApplicationInsights\Tauchbolde.Driver.ApplicationInsights.csproj", "{9BEB0CFD-CE37-4ED8-BD03-BB59F3A3B19C}"
EndProject
Project("{FAE04EC0-301F-11D3-BF4B-00C04F79EFBC}") = "Tauchbolde.Driver.ImageSharp", "Tauchbolde.Driver.ImageSharp\Tauchbolde.Driver.ImageSharp.csproj", "{B6B796EF-C59F-431E-997C-35E4F7D8322A}"
EndProject
Project("{FAE04EC0-301F-11D3-BF4B-00C04F79EFBC}") = "Tauchbolde.Driver.SmtpEmail", "Tauchbolde.Driver.SmtpEmail\Tauchbolde.Driver.SmtpEmail.csproj", "{03643BD9-9B19-44CC-9B47-BE7464A445EC}"
EndProject
Project("{2150E333-8FDC-42A3-9474-1A3956D46DE8}") = "Drivers", "Drivers", "{AFF5C119-7D56-4C0F-9BDD-DCCBFFDB60B2}"
EndProject
Project("{2150E333-8FDC-42A3-9474-1A3956D46DE8}") = "Core", "Core", "{49F2A5AC-2442-41A5-BBB0-D16C68038927}"
EndProject
Project("{FAE04EC0-301F-11D3-BF4B-00C04F79EFBC}") = "Tauchbolde.SharedKernel", "Tauchbolde.SharedKernel\Tauchbolde.SharedKernel.csproj", "{B852A5FC-2224-400D-AF9C-4D4CB69A3CC2}"
EndProject
Project("{2150E333-8FDC-42A3-9474-1A3956D46DE8}") = "InterfaceAdapters", "InterfaceAdapters", "{84E8973E-D89B-4997-8C91-82B02490FF1D}"
EndProject
Project("{FAE04EC0-301F-11D3-BF4B-00C04F79EFBC}") = "Tauchbolde.InterfaceAdapters", "Tauchbolde.InterfaceAdapters\Tauchbolde.InterfaceAdapters.csproj", "{17974AD9-A67A-4E91-9839-342DECF69451}"
EndProject
Global
	GlobalSection(SolutionConfigurationPlatforms) = preSolution
		Debug|Any CPU = Debug|Any CPU
		Debug|x64 = Debug|x64
		Debug|x86 = Debug|x86
		Release|Any CPU = Release|Any CPU
		Release|x64 = Release|x64
		Release|x86 = Release|x86
	EndGlobalSection
	GlobalSection(ProjectConfigurationPlatforms) = postSolution
		{B26B5EA0-30CF-4259-996A-2EDA74CB4BB7}.Debug|Any CPU.ActiveCfg = Debug|Any CPU
		{B26B5EA0-30CF-4259-996A-2EDA74CB4BB7}.Debug|Any CPU.Build.0 = Debug|Any CPU
		{B26B5EA0-30CF-4259-996A-2EDA74CB4BB7}.Debug|x64.ActiveCfg = Debug|Any CPU
		{B26B5EA0-30CF-4259-996A-2EDA74CB4BB7}.Debug|x64.Build.0 = Debug|Any CPU
		{B26B5EA0-30CF-4259-996A-2EDA74CB4BB7}.Debug|x86.ActiveCfg = Debug|Any CPU
		{B26B5EA0-30CF-4259-996A-2EDA74CB4BB7}.Debug|x86.Build.0 = Debug|Any CPU
		{B26B5EA0-30CF-4259-996A-2EDA74CB4BB7}.Release|Any CPU.ActiveCfg = Release|Any CPU
		{B26B5EA0-30CF-4259-996A-2EDA74CB4BB7}.Release|Any CPU.Build.0 = Release|Any CPU
		{B26B5EA0-30CF-4259-996A-2EDA74CB4BB7}.Release|x64.ActiveCfg = Release|Any CPU
		{B26B5EA0-30CF-4259-996A-2EDA74CB4BB7}.Release|x64.Build.0 = Release|Any CPU
		{B26B5EA0-30CF-4259-996A-2EDA74CB4BB7}.Release|x86.ActiveCfg = Release|Any CPU
		{B26B5EA0-30CF-4259-996A-2EDA74CB4BB7}.Release|x86.Build.0 = Release|Any CPU
		{ACA74A03-4AFB-412B-B516-9129DCD6FA1E}.Debug|Any CPU.ActiveCfg = Debug|Any CPU
		{ACA74A03-4AFB-412B-B516-9129DCD6FA1E}.Debug|Any CPU.Build.0 = Debug|Any CPU
		{ACA74A03-4AFB-412B-B516-9129DCD6FA1E}.Debug|x64.ActiveCfg = Debug|Any CPU
		{ACA74A03-4AFB-412B-B516-9129DCD6FA1E}.Debug|x64.Build.0 = Debug|Any CPU
		{ACA74A03-4AFB-412B-B516-9129DCD6FA1E}.Debug|x86.ActiveCfg = Debug|Any CPU
		{ACA74A03-4AFB-412B-B516-9129DCD6FA1E}.Debug|x86.Build.0 = Debug|Any CPU
		{ACA74A03-4AFB-412B-B516-9129DCD6FA1E}.Release|Any CPU.ActiveCfg = Release|Any CPU
		{ACA74A03-4AFB-412B-B516-9129DCD6FA1E}.Release|Any CPU.Build.0 = Release|Any CPU
		{ACA74A03-4AFB-412B-B516-9129DCD6FA1E}.Release|x64.ActiveCfg = Release|Any CPU
		{ACA74A03-4AFB-412B-B516-9129DCD6FA1E}.Release|x64.Build.0 = Release|Any CPU
		{ACA74A03-4AFB-412B-B516-9129DCD6FA1E}.Release|x86.ActiveCfg = Release|Any CPU
		{ACA74A03-4AFB-412B-B516-9129DCD6FA1E}.Release|x86.Build.0 = Release|Any CPU
		{66BD6C46-28A9-47DD-ACEC-F4B78D24D812}.Debug|Any CPU.ActiveCfg = Debug|Any CPU
		{66BD6C46-28A9-47DD-ACEC-F4B78D24D812}.Debug|Any CPU.Build.0 = Debug|Any CPU
		{66BD6C46-28A9-47DD-ACEC-F4B78D24D812}.Debug|x64.ActiveCfg = Debug|Any CPU
		{66BD6C46-28A9-47DD-ACEC-F4B78D24D812}.Debug|x64.Build.0 = Debug|Any CPU
		{66BD6C46-28A9-47DD-ACEC-F4B78D24D812}.Debug|x86.ActiveCfg = Debug|Any CPU
		{66BD6C46-28A9-47DD-ACEC-F4B78D24D812}.Debug|x86.Build.0 = Debug|Any CPU
		{66BD6C46-28A9-47DD-ACEC-F4B78D24D812}.Release|Any CPU.ActiveCfg = Release|Any CPU
		{66BD6C46-28A9-47DD-ACEC-F4B78D24D812}.Release|Any CPU.Build.0 = Release|Any CPU
		{66BD6C46-28A9-47DD-ACEC-F4B78D24D812}.Release|x64.ActiveCfg = Release|Any CPU
		{66BD6C46-28A9-47DD-ACEC-F4B78D24D812}.Release|x64.Build.0 = Release|Any CPU
		{66BD6C46-28A9-47DD-ACEC-F4B78D24D812}.Release|x86.ActiveCfg = Release|Any CPU
		{66BD6C46-28A9-47DD-ACEC-F4B78D24D812}.Release|x86.Build.0 = Release|Any CPU
		{3ECCB5D8-B659-4F1A-9D2B-CDCB0BAAFE23}.Debug|Any CPU.ActiveCfg = Debug|Any CPU
		{3ECCB5D8-B659-4F1A-9D2B-CDCB0BAAFE23}.Debug|Any CPU.Build.0 = Debug|Any CPU
		{3ECCB5D8-B659-4F1A-9D2B-CDCB0BAAFE23}.Debug|x64.ActiveCfg = Debug|Any CPU
		{3ECCB5D8-B659-4F1A-9D2B-CDCB0BAAFE23}.Debug|x64.Build.0 = Debug|Any CPU
		{3ECCB5D8-B659-4F1A-9D2B-CDCB0BAAFE23}.Debug|x86.ActiveCfg = Debug|Any CPU
		{3ECCB5D8-B659-4F1A-9D2B-CDCB0BAAFE23}.Debug|x86.Build.0 = Debug|Any CPU
		{3ECCB5D8-B659-4F1A-9D2B-CDCB0BAAFE23}.Release|Any CPU.ActiveCfg = Release|Any CPU
		{3ECCB5D8-B659-4F1A-9D2B-CDCB0BAAFE23}.Release|Any CPU.Build.0 = Release|Any CPU
		{3ECCB5D8-B659-4F1A-9D2B-CDCB0BAAFE23}.Release|x64.ActiveCfg = Release|Any CPU
		{3ECCB5D8-B659-4F1A-9D2B-CDCB0BAAFE23}.Release|x64.Build.0 = Release|Any CPU
		{3ECCB5D8-B659-4F1A-9D2B-CDCB0BAAFE23}.Release|x86.ActiveCfg = Release|Any CPU
		{3ECCB5D8-B659-4F1A-9D2B-CDCB0BAAFE23}.Release|x86.Build.0 = Release|Any CPU
		{445EC923-60CB-43D9-B1ED-377DF5F1B104}.Debug|Any CPU.ActiveCfg = Debug|Any CPU
		{445EC923-60CB-43D9-B1ED-377DF5F1B104}.Debug|Any CPU.Build.0 = Debug|Any CPU
		{445EC923-60CB-43D9-B1ED-377DF5F1B104}.Debug|x64.ActiveCfg = Debug|Any CPU
		{445EC923-60CB-43D9-B1ED-377DF5F1B104}.Debug|x64.Build.0 = Debug|Any CPU
		{445EC923-60CB-43D9-B1ED-377DF5F1B104}.Debug|x86.ActiveCfg = Debug|Any CPU
		{445EC923-60CB-43D9-B1ED-377DF5F1B104}.Debug|x86.Build.0 = Debug|Any CPU
		{445EC923-60CB-43D9-B1ED-377DF5F1B104}.Release|Any CPU.ActiveCfg = Release|Any CPU
		{445EC923-60CB-43D9-B1ED-377DF5F1B104}.Release|Any CPU.Build.0 = Release|Any CPU
		{445EC923-60CB-43D9-B1ED-377DF5F1B104}.Release|x64.ActiveCfg = Release|Any CPU
		{445EC923-60CB-43D9-B1ED-377DF5F1B104}.Release|x64.Build.0 = Release|Any CPU
		{445EC923-60CB-43D9-B1ED-377DF5F1B104}.Release|x86.ActiveCfg = Release|Any CPU
		{445EC923-60CB-43D9-B1ED-377DF5F1B104}.Release|x86.Build.0 = Release|Any CPU
		{CC76C9F1-1429-46BC-AB0B-858178311C8E}.Debug|Any CPU.ActiveCfg = Debug|Any CPU
		{CC76C9F1-1429-46BC-AB0B-858178311C8E}.Debug|Any CPU.Build.0 = Debug|Any CPU
		{CC76C9F1-1429-46BC-AB0B-858178311C8E}.Debug|x64.ActiveCfg = Debug|Any CPU
		{CC76C9F1-1429-46BC-AB0B-858178311C8E}.Debug|x64.Build.0 = Debug|Any CPU
		{CC76C9F1-1429-46BC-AB0B-858178311C8E}.Debug|x86.ActiveCfg = Debug|Any CPU
		{CC76C9F1-1429-46BC-AB0B-858178311C8E}.Debug|x86.Build.0 = Debug|Any CPU
		{CC76C9F1-1429-46BC-AB0B-858178311C8E}.Release|Any CPU.ActiveCfg = Release|Any CPU
		{CC76C9F1-1429-46BC-AB0B-858178311C8E}.Release|Any CPU.Build.0 = Release|Any CPU
		{CC76C9F1-1429-46BC-AB0B-858178311C8E}.Release|x64.ActiveCfg = Release|Any CPU
		{CC76C9F1-1429-46BC-AB0B-858178311C8E}.Release|x64.Build.0 = Release|Any CPU
		{CC76C9F1-1429-46BC-AB0B-858178311C8E}.Release|x86.ActiveCfg = Release|Any CPU
		{CC76C9F1-1429-46BC-AB0B-858178311C8E}.Release|x86.Build.0 = Release|Any CPU
		{9BEB0CFD-CE37-4ED8-BD03-BB59F3A3B19C}.Debug|Any CPU.ActiveCfg = Debug|Any CPU
		{9BEB0CFD-CE37-4ED8-BD03-BB59F3A3B19C}.Debug|Any CPU.Build.0 = Debug|Any CPU
		{9BEB0CFD-CE37-4ED8-BD03-BB59F3A3B19C}.Debug|x64.ActiveCfg = Debug|Any CPU
		{9BEB0CFD-CE37-4ED8-BD03-BB59F3A3B19C}.Debug|x64.Build.0 = Debug|Any CPU
		{9BEB0CFD-CE37-4ED8-BD03-BB59F3A3B19C}.Debug|x86.ActiveCfg = Debug|Any CPU
		{9BEB0CFD-CE37-4ED8-BD03-BB59F3A3B19C}.Debug|x86.Build.0 = Debug|Any CPU
		{9BEB0CFD-CE37-4ED8-BD03-BB59F3A3B19C}.Release|Any CPU.ActiveCfg = Release|Any CPU
		{9BEB0CFD-CE37-4ED8-BD03-BB59F3A3B19C}.Release|Any CPU.Build.0 = Release|Any CPU
		{9BEB0CFD-CE37-4ED8-BD03-BB59F3A3B19C}.Release|x64.ActiveCfg = Release|Any CPU
		{9BEB0CFD-CE37-4ED8-BD03-BB59F3A3B19C}.Release|x64.Build.0 = Release|Any CPU
		{9BEB0CFD-CE37-4ED8-BD03-BB59F3A3B19C}.Release|x86.ActiveCfg = Release|Any CPU
		{9BEB0CFD-CE37-4ED8-BD03-BB59F3A3B19C}.Release|x86.Build.0 = Release|Any CPU
		{B6B796EF-C59F-431E-997C-35E4F7D8322A}.Debug|Any CPU.ActiveCfg = Debug|Any CPU
		{B6B796EF-C59F-431E-997C-35E4F7D8322A}.Debug|Any CPU.Build.0 = Debug|Any CPU
		{B6B796EF-C59F-431E-997C-35E4F7D8322A}.Debug|x64.ActiveCfg = Debug|Any CPU
		{B6B796EF-C59F-431E-997C-35E4F7D8322A}.Debug|x64.Build.0 = Debug|Any CPU
		{B6B796EF-C59F-431E-997C-35E4F7D8322A}.Debug|x86.ActiveCfg = Debug|Any CPU
		{B6B796EF-C59F-431E-997C-35E4F7D8322A}.Debug|x86.Build.0 = Debug|Any CPU
		{B6B796EF-C59F-431E-997C-35E4F7D8322A}.Release|Any CPU.ActiveCfg = Release|Any CPU
		{B6B796EF-C59F-431E-997C-35E4F7D8322A}.Release|Any CPU.Build.0 = Release|Any CPU
		{B6B796EF-C59F-431E-997C-35E4F7D8322A}.Release|x64.ActiveCfg = Release|Any CPU
		{B6B796EF-C59F-431E-997C-35E4F7D8322A}.Release|x64.Build.0 = Release|Any CPU
		{B6B796EF-C59F-431E-997C-35E4F7D8322A}.Release|x86.ActiveCfg = Release|Any CPU
		{B6B796EF-C59F-431E-997C-35E4F7D8322A}.Release|x86.Build.0 = Release|Any CPU
		{03643BD9-9B19-44CC-9B47-BE7464A445EC}.Debug|Any CPU.ActiveCfg = Debug|Any CPU
		{03643BD9-9B19-44CC-9B47-BE7464A445EC}.Debug|Any CPU.Build.0 = Debug|Any CPU
		{03643BD9-9B19-44CC-9B47-BE7464A445EC}.Debug|x64.ActiveCfg = Debug|Any CPU
		{03643BD9-9B19-44CC-9B47-BE7464A445EC}.Debug|x64.Build.0 = Debug|Any CPU
		{03643BD9-9B19-44CC-9B47-BE7464A445EC}.Debug|x86.ActiveCfg = Debug|Any CPU
		{03643BD9-9B19-44CC-9B47-BE7464A445EC}.Debug|x86.Build.0 = Debug|Any CPU
		{03643BD9-9B19-44CC-9B47-BE7464A445EC}.Release|Any CPU.ActiveCfg = Release|Any CPU
		{03643BD9-9B19-44CC-9B47-BE7464A445EC}.Release|Any CPU.Build.0 = Release|Any CPU
		{03643BD9-9B19-44CC-9B47-BE7464A445EC}.Release|x64.ActiveCfg = Release|Any CPU
		{03643BD9-9B19-44CC-9B47-BE7464A445EC}.Release|x64.Build.0 = Release|Any CPU
		{03643BD9-9B19-44CC-9B47-BE7464A445EC}.Release|x86.ActiveCfg = Release|Any CPU
		{03643BD9-9B19-44CC-9B47-BE7464A445EC}.Release|x86.Build.0 = Release|Any CPU
		{B852A5FC-2224-400D-AF9C-4D4CB69A3CC2}.Debug|Any CPU.ActiveCfg = Debug|Any CPU
		{B852A5FC-2224-400D-AF9C-4D4CB69A3CC2}.Debug|Any CPU.Build.0 = Debug|Any CPU
		{B852A5FC-2224-400D-AF9C-4D4CB69A3CC2}.Debug|x64.ActiveCfg = Debug|Any CPU
		{B852A5FC-2224-400D-AF9C-4D4CB69A3CC2}.Debug|x64.Build.0 = Debug|Any CPU
		{B852A5FC-2224-400D-AF9C-4D4CB69A3CC2}.Debug|x86.ActiveCfg = Debug|Any CPU
		{B852A5FC-2224-400D-AF9C-4D4CB69A3CC2}.Debug|x86.Build.0 = Debug|Any CPU
		{B852A5FC-2224-400D-AF9C-4D4CB69A3CC2}.Release|Any CPU.ActiveCfg = Release|Any CPU
		{B852A5FC-2224-400D-AF9C-4D4CB69A3CC2}.Release|Any CPU.Build.0 = Release|Any CPU
		{B852A5FC-2224-400D-AF9C-4D4CB69A3CC2}.Release|x64.ActiveCfg = Release|Any CPU
		{B852A5FC-2224-400D-AF9C-4D4CB69A3CC2}.Release|x64.Build.0 = Release|Any CPU
		{B852A5FC-2224-400D-AF9C-4D4CB69A3CC2}.Release|x86.ActiveCfg = Release|Any CPU
		{B852A5FC-2224-400D-AF9C-4D4CB69A3CC2}.Release|x86.Build.0 = Release|Any CPU
		{17974AD9-A67A-4E91-9839-342DECF69451}.Debug|Any CPU.ActiveCfg = Debug|Any CPU
		{17974AD9-A67A-4E91-9839-342DECF69451}.Debug|Any CPU.Build.0 = Debug|Any CPU
		{17974AD9-A67A-4E91-9839-342DECF69451}.Debug|x64.ActiveCfg = Debug|Any CPU
		{17974AD9-A67A-4E91-9839-342DECF69451}.Debug|x64.Build.0 = Debug|Any CPU
		{17974AD9-A67A-4E91-9839-342DECF69451}.Debug|x86.ActiveCfg = Debug|Any CPU
		{17974AD9-A67A-4E91-9839-342DECF69451}.Debug|x86.Build.0 = Debug|Any CPU
		{17974AD9-A67A-4E91-9839-342DECF69451}.Release|Any CPU.ActiveCfg = Release|Any CPU
		{17974AD9-A67A-4E91-9839-342DECF69451}.Release|Any CPU.Build.0 = Release|Any CPU
		{17974AD9-A67A-4E91-9839-342DECF69451}.Release|x64.ActiveCfg = Release|Any CPU
		{17974AD9-A67A-4E91-9839-342DECF69451}.Release|x64.Build.0 = Release|Any CPU
		{17974AD9-A67A-4E91-9839-342DECF69451}.Release|x86.ActiveCfg = Release|Any CPU
		{17974AD9-A67A-4E91-9839-342DECF69451}.Release|x86.Build.0 = Release|Any CPU
	EndGlobalSection
	GlobalSection(SolutionProperties) = preSolution
		HideSolutionNode = FALSE
	EndGlobalSection
	GlobalSection(NestedProjects) = preSolution
		{9BEB0CFD-CE37-4ED8-BD03-BB59F3A3B19C} = {AFF5C119-7D56-4C0F-9BDD-DCCBFFDB60B2}
		{B6B796EF-C59F-431E-997C-35E4F7D8322A} = {AFF5C119-7D56-4C0F-9BDD-DCCBFFDB60B2}
		{CC76C9F1-1429-46BC-AB0B-858178311C8E} = {AFF5C119-7D56-4C0F-9BDD-DCCBFFDB60B2}
		{03643BD9-9B19-44CC-9B47-BE7464A445EC} = {AFF5C119-7D56-4C0F-9BDD-DCCBFFDB60B2}
		{66BD6C46-28A9-47DD-ACEC-F4B78D24D812} = {AFF5C119-7D56-4C0F-9BDD-DCCBFFDB60B2}
		{445EC923-60CB-43D9-B1ED-377DF5F1B104} = {49F2A5AC-2442-41A5-BBB0-D16C68038927}
		{3ECCB5D8-B659-4F1A-9D2B-CDCB0BAAFE23} = {49F2A5AC-2442-41A5-BBB0-D16C68038927}
		{B852A5FC-2224-400D-AF9C-4D4CB69A3CC2} = {49F2A5AC-2442-41A5-BBB0-D16C68038927}
		{17974AD9-A67A-4E91-9839-342DECF69451} = {84E8973E-D89B-4997-8C91-82B02490FF1D}
	EndGlobalSection
	GlobalSection(MonoDevelopProperties) = preSolution
		Policies = $0
		$0.DotNetNamingPolicy = $1
		$1.DirectoryNamespaceAssociation = PrefixedHierarchical
		$0.TextStylePolicy = $2
		$2.inheritsSet = null
		$2.scope = text/x-csharp
		$0.CSharpFormattingPolicy = $3
		$3.scope = text/x-csharp
		$0.TextStylePolicy = $4
		$4.FileWidth = 80
		$4.TabsToSpaces = True
		$4.scope = text/plain
		$0.VersionControlPolicy = $5
		outputpath = ../build/bin
	EndGlobalSection
EndGlobal
